<?xml version="1.0" encoding="utf-8"?>
<Project ToolsVersion="16.0" xmlns="http://schemas.microsoft.com/developer/msbuild/2003">
  <ItemGroup>
    <Filter Include="Header Files">
      <UniqueIdentifier>{4227DFF7-52AB-3F28-A819-E88B92BFAF53}</UniqueIdentifier>
    </Filter>
    <Filter Include="Source Files">
      <UniqueIdentifier>{D12199DD-354E-36EC-8F71-7C6984961CF7}</UniqueIdentifier>
    </Filter>
  </ItemGroup>
  <ItemGroup>
    <ClInclude Include="include\crc32.h">
      <Filter>Header Files</Filter>
    </ClInclude>
    <ClInclude Include="include\deflate.h">
      <Filter>Header Files</Filter>
    </ClInclude>
    <ClInclude Include="include\gzguts.h">
      <Filter>Header Files</Filter>
    </ClInclude>
    <ClInclude Include="include\inffast.h">
      <Filter>Header Files</Filter>
    </ClInclude>
    <ClInclude Include="include\inffixed.h">
      <Filter>Header Files</Filter>
    </ClInclude>
    <ClInclude Include="include\inflate.h">
      <Filter>Header Files</Filter>
    </ClInclude>
    <ClInclude Include="include\inftrees.h">
      <Filter>Header Files</Filter>
    </ClInclude>
    <ClInclude Include="include\trees.h">
      <Filter>Header Files</Filter>
    </ClInclude>
    <ClInclude Include="include\zconf.h">
      <Filter>Header Files</Filter>
    </ClInclude>
    <ClInclude Include="include\zlib.h">
      <Filter>Header Files</Filter>
    </ClInclude>
    <ClInclude Include="include\zutil.h">
      <Filter>Header Files</Filter>
    </ClInclude>
  </ItemGroup>
  <ItemGroup>
    <ClCompile Include="source\adler32.c">
      <Filter>Source Files</Filter>
    </ClCompile>
    <ClCompile Include="source\compress.c">
      <Filter>Source Files</Filter>
    </ClCompile>
    <ClCompile Include="source\crc32.c">
      <Filter>Source Files</Filter>
    </ClCompile>
    <ClCompile Include="source\deflate.c">
      <Filter>Source Files</Filter>
    </ClCompile>
    <ClCompile Include="source\gzclose.c">
      <Filter>Source Files</Filter>
    </ClCompile>
    <ClCompile Include="source\gzlib.c">
      <Filter>Source Files</Filter>
    </ClCompile>
    <ClCompile Include="source\gzread.c">
      <Filter>Source Files</Filter>
    </ClCompile>
    <ClCompile Include="source\gzwrite.c">
      <Filter>Source Files</Filter>
    </ClCompile>
    <ClCompile Include="source\infback.c">
      <Filter>Source Files</Filter>
    </ClCompile>
    <ClCompile Include="source\inffast.c">
      <Filter>Source Files</Filter>
    </ClCompile>
    <ClCompile Include="source\inflate.c">
      <Filter>Source Files</Filter>
    </ClCompile>
    <ClCompile Include="source\inftrees.c">
      <Filter>Source Files</Filter>
    </ClCompile>
    <ClCompile Include="source\trees.c">
      <Filter>Source Files</Filter>
    </ClCompile>
    <ClCompile Include="source\uncompr.c">
      <Filter>Source Files</Filter>
    </ClCompile>
    <ClCompile Include="source\zutil.c">
      <Filter>Source Files</Filter>
    </ClCompile>
  </ItemGroup>
</Project>